{
  "name": "ShapeForSvg",
  "version": "1.0.11",
  "lockfileVersion": 3,
  "requires": true,
  "packages": {
    "": {
      "name": "ShapeForSvg",
      "version": "1.0.11",
      "dependencies": {
        "ShapeForSvg": "^1.0.10"
      }
    },
    "node_modules/ShapeForSvg": {
      "version": "1.0.10",
      "resolved": "http://verdaccio.zjmiit.com/ShapeForSvg/-/ShapeForSvg-1.0.10.tgz",
      "integrity": "sha512-IW3KAa1WBIcBdMfgPYn51iHibz2wZ3bbG3zCTYRohM2uK2XbG5J1qsb0DpI9yreKa5TQc3AR0UpbVvW2aFIIEw=="
    }
  }
}
